
Microsoft Visual Studio Solution File, Format Version 12.00
# Visual Studio Version 17
VisualStudioVersion = 17.8.34511.84
MinimumVisualStudioVersion = 10.0.40219.1
Project("{9A19103F-16F7-4668-BE54-9A1E7A4F7556}") = "SooshEgoServer", "SooshEgoServer\SooshEgoServer.csproj", "{917D044B-C6C5-46B7-A47E-12823AAE2CD9}"
EndProject
Project("{FAE04EC0-301F-11D3-BF4B-00C04F79EFBC}") = "SooshEgoServer.Tests", "SooshEgoServer.Tests\SooshEgoServer.Tests.csproj", "{F5B30FA4-0A4A-4BE3-812A-E52B60CDBB6D}"
EndProject
Project("{E53339B2-1760-4266-BCC7-CA923CBCF16C}") = "docker-compose", "docker-compose.dcproj", "{1D0A7C99-B062-4A75-A178-33E1FEB0F744}"
EndProject
Global
	GlobalSection(SolutionConfigurationPlatforms) = preSolution
		Debug|Any CPU = Debug|Any CPU
		Release|Any CPU = Release|Any CPU
	EndGlobalSection
	GlobalSection(ProjectConfigurationPlatforms) = postSolution
		{917D044B-C6C5-46B7-A47E-12823AAE2CD9}.Debug|Any CPU.ActiveCfg = Debug|Any CPU
		{917D044B-C6C5-46B7-A47E-12823AAE2CD9}.Debug|Any CPU.Build.0 = Debug|Any CPU
		{917D044B-C6C5-46B7-A47E-12823AAE2CD9}.Release|Any CPU.ActiveCfg = Release|Any CPU
		{917D044B-C6C5-46B7-A47E-12823AAE2CD9}.Release|Any CPU.Build.0 = Release|Any CPU
		{F5B30FA4-0A4A-4BE3-812A-E52B60CDBB6D}.Debug|Any CPU.ActiveCfg = Debug|Any CPU
		{F5B30FA4-0A4A-4BE3-812A-E52B60CDBB6D}.Debug|Any CPU.Build.0 = Debug|Any CPU
		{F5B30FA4-0A4A-4BE3-812A-E52B60CDBB6D}.Release|Any CPU.ActiveCfg = Release|Any CPU
		{F5B30FA4-0A4A-4BE3-812A-E52B60CDBB6D}.Release|Any CPU.Build.0 = Release|Any CPU
		{1D0A7C99-B062-4A75-A178-33E1FEB0F744}.Debug|Any CPU.ActiveCfg = Debug|Any CPU
		{1D0A7C99-B062-4A75-A178-33E1FEB0F744}.Debug|Any CPU.Build.0 = Debug|Any CPU
		{1D0A7C99-B062-4A75-A178-33E1FEB0F744}.Release|Any CPU.ActiveCfg = Release|Any CPU
		{1D0A7C99-B062-4A75-A178-33E1FEB0F744}.Release|Any CPU.Build.0 = Release|Any CPU
	EndGlobalSection
	GlobalSection(SolutionProperties) = preSolution
		HideSolutionNode = FALSE
	EndGlobalSection
	GlobalSection(ExtensibilityGlobals) = postSolution
		SolutionGuid = {472FE687-7B60-4D5D-BED7-AA06E249F7AB}
	EndGlobalSection
EndGlobal
